
Microsoft Visual Studio Solution File, Format Version 12.00
# Visual Studio 2013
VisualStudioVersion = 12.0.21005.1
MinimumVisualStudioVersion = 10.0.40219.1
Project("{FAE04EC0-301F-11D3-BF4B-00C04F79EFBC}") = "BenXHSocket", "BenXHSocket\BenXHSocket.csproj", "{1924EB2E-5E39-4272-B652-5670B018627A}"
EndProject
Project("{FAE04EC0-301F-11D3-BF4B-00C04F79EFBC}") = "BenXHSocketTcpServer", "BenXHSocketTcpServer\BenXHSocketTcpServer.csproj", "{4EDA59FC-CBF8-40DA-BFAE-3A5DE34E6907}"
EndProject
Project("{FAE04EC0-301F-11D3-BF4B-00C04F79EFBC}") = "BenXHSocketClient", "BenXHSocketClient\BenXHSocketClient.csproj", "{7034B8B1-B1C1-4C55-AD3E-B7CA8C20CF12}"
EndProject
Global
	GlobalSection(SolutionConfigurationPlatforms) = preSolution
		Debug|Any CPU = Debug|Any CPU
		Release|Any CPU = Release|Any CPU
	EndGlobalSection
	GlobalSection(ProjectConfigurationPlatforms) = postSolution
		{1924EB2E-5E39-4272-B652-5670B018627A}.Debug|Any CPU.ActiveCfg = Debug|Any CPU
		{1924EB2E-5E39-4272-B652-5670B018627A}.Debug|Any CPU.Build.0 = Debug|Any CPU
		{1924EB2E-5E39-4272-B652-5670B018627A}.Release|Any CPU.ActiveCfg = Release|Any CPU
		{1924EB2E-5E39-4272-B652-5670B018627A}.Release|Any CPU.Build.0 = Release|Any CPU
		{4EDA59FC-CBF8-40DA-BFAE-3A5DE34E6907}.Debug|Any CPU.ActiveCfg = Debug|Any CPU
		{4EDA59FC-CBF8-40DA-BFAE-3A5DE34E6907}.Debug|Any CPU.Build.0 = Debug|Any CPU
		{4EDA59FC-CBF8-40DA-BFAE-3A5DE34E6907}.Release|Any CPU.ActiveCfg = Release|Any CPU
		{4EDA59FC-CBF8-40DA-BFAE-3A5DE34E6907}.Release|Any CPU.Build.0 = Release|Any CPU
		{7034B8B1-B1C1-4C55-AD3E-B7CA8C20CF12}.Debug|Any CPU.ActiveCfg = Debug|Any CPU
		{7034B8B1-B1C1-4C55-AD3E-B7CA8C20CF12}.Debug|Any CPU.Build.0 = Debug|Any CPU
		{7034B8B1-B1C1-4C55-AD3E-B7CA8C20CF12}.Release|Any CPU.ActiveCfg = Release|Any CPU
		{7034B8B1-B1C1-4C55-AD3E-B7CA8C20CF12}.Release|Any CPU.Build.0 = Release|Any CPU
	EndGlobalSection
	GlobalSection(SolutionProperties) = preSolution
		HideSolutionNode = FALSE
	EndGlobalSection
EndGlobal
